{
    "name": "@llm-tools/embedjs-examples-simple",
    "version": "0.1.1",
    "lockfileVersion": 3,
    "requires": true,
    "packages": {
        "": {
            "name": "@llm-tools/embedjs-examples-simple",
            "version": "0.1.1",
            "dependencies": {
                "@llm-tools/embedjs-loader-confluence": "^0.1.1",
                "dotenv": "^16.4.5"
            }
        },
        "node_modules/@langchain/core": {
            "version": "0.3.7",
            "resolved": "https://registry.npmjs.org/@langchain/core/-/core-0.3.7.tgz",
            "integrity": "sha512-6wsnEtw5GlhmBhoLfw/g8Hrp09BNwQwDLXyuv3GyK+ay4/3H3YuhAphqQLO4HNphuZIZKlW9ihSrqdCMvvbvZQ==",
            "license": "MIT",
            "peer": true,
            "dependencies": {
                "ansi-styles": "^5.0.0",
                "camelcase": "6",
                "decamelize": "1.2.0",
                "js-tiktoken": "^1.0.12",
                "langsmith": "^0.1.56",
                "mustache": "^4.2.0",
                "p-queue": "^6.6.2",
                "p-retry": "4",
                "uuid": "^10.0.0",
                "zod": "^3.22.4",
                "zod-to-json-schema": "^3.22.3"
            },
            "engines": {
                "node": ">=18"
            }
        },
        "node_modules/@langchain/openai": {
            "version": "0.3.5",
            "resolved": "https://registry.npmjs.org/@langchain/openai/-/openai-0.3.5.tgz",
            "integrity": "sha512-1bCN+jEpN8IHvZTyr2kCDXHEIL+ZkE2s23tq+V6+b325GyVY2mm2zsuH6zoABCs8ayJbMaiilMJ+9AtFUtFwpw==",
            "license": "MIT",
            "dependencies": {
                "js-tiktoken": "^1.0.12",
                "openai": "^4.57.3",
                "zod": "^3.22.4",
                "zod-to-json-schema": "^3.22.3"
            },
            "engines": {
                "node": ">=18"
            },
            "peerDependencies": {
                "@langchain/core": ">=0.2.26 <0.4.0"
            }
        },
        "node_modules/@langchain/textsplitters": {
            "version": "0.1.0",
            "resolved": "https://registry.npmjs.org/@langchain/textsplitters/-/textsplitters-0.1.0.tgz",
            "integrity": "sha512-djI4uw9rlkAb5iMhtLED+xJebDdAG935AdP4eRTB02R7OB/act55Bj9wsskhZsvuyQRpO4O1wQOp85s6T6GWmw==",
            "license": "MIT",
            "dependencies": {
                "js-tiktoken": "^1.0.12"
            },
            "engines": {
                "node": ">=18"
            },
            "peerDependencies": {
                "@langchain/core": ">=0.2.21 <0.4.0"
            }
        },
        "node_modules/@llm-tools/embedjs-interfaces": {
            "version": "0.1.1",
            "resolved": "https://registry.npmjs.org/@llm-tools/embedjs-interfaces/-/embedjs-interfaces-0.1.1.tgz",
            "integrity": "sha512-Db5zOUWMBPwIorRkdRj2GMlGh3BaH4w6J5pDl9tgWUzc9SC7HGZraYympHWP7HLh+8EoZr4LxSzUxJWXRCVhDw==",
            "license": "Apache-2.0",
            "dependencies": {
                "debug": "^4.3.7",
                "md5": "^2.3.0",
                "uuid": "^10.0.0"
            }
        },
        "node_modules/@llm-tools/embedjs-loader-confluence": {
            "version": "0.1.1",
            "resolved": "https://registry.npmjs.org/@llm-tools/embedjs-loader-confluence/-/embedjs-loader-confluence-0.1.1.tgz",
            "integrity": "sha512-kPxgJx85q9RZXojzYi8bEIMGk6XlgufYPEE68XOWLhaZBugi8R1BHCswd1mpGQ7vC1CkfAAaVbnE8zAt3JYLDQ==",
            "license": "Apache-2.0",
            "dependencies": {
                "@llm-tools/embedjs-interfaces": "0.1.1",
                "@llm-tools/embedjs-loader-web": "0.1.1",
                "confluence.js": "^1.7.4",
                "debug": "^4.3.7",
                "md5": "^2.3.0"
            }
        },
        "node_modules/@llm-tools/embedjs-loader-web": {
            "version": "0.1.1",
            "resolved": "https://registry.npmjs.org/@llm-tools/embedjs-loader-web/-/embedjs-loader-web-0.1.1.tgz",
            "integrity": "sha512-bmIw10bY7KdJxRu1klSiQXN+1gybl5u/j53aHsGNuCMX7c2KjX22AUOdK1ZFg3zXg1d+6JIGIuJ7pY8gijUJmA==",
            "license": "Apache-2.0",
            "dependencies": {
                "@llm-tools/embedjs-interfaces": "0.1.1",
                "@llm-tools/embedjs-utils": "0.1.1",
                "axios": "^1.7.7",
                "debug": "^4.3.7",
                "html-to-text": "^9.0.5",
                "langchain": "^0.3.2",
                "md5": "^2.3.0"
            }
        },
        "node_modules/@llm-tools/embedjs-utils": {
            "version": "0.1.1",
            "resolved": "https://registry.npmjs.org/@llm-tools/embedjs-utils/-/embedjs-utils-0.1.1.tgz",
            "integrity": "sha512-aFMR+rKPiG0oEvMTyIZ632bU1Kcj3YvmFjrREKpp/IMmYRsezJdeIxW7tJ4eT4E8nMP/D5zuQTEHGrAgIVXzRw==",
            "license": "Apache-2.0",
            "dependencies": {
                "@llm-tools/embedjs-interfaces": "0.1.1"
            }
        },
        "node_modules/@selderee/plugin-htmlparser2": {
            "version": "0.11.0",
            "resolved": "https://registry.npmjs.org/@selderee/plugin-htmlparser2/-/plugin-htmlparser2-0.11.0.tgz",
            "integrity": "sha512-P33hHGdldxGabLFjPPpaTxVolMrzrcegejx+0GxjrIb9Zv48D8yAIA/QTDR2dFl7Uz7urX8aX6+5bCZslr+gWQ==",
            "license": "MIT",
            "dependencies": {
                "domhandler": "^5.0.3",
                "selderee": "^0.11.0"
            },
            "funding": {
                "url": "https://ko-fi.com/killymxi"
            }
        },
        "node_modules/@types/node": {
            "version": "18.19.54",
            "resolved": "https://registry.npmjs.org/@types/node/-/node-18.19.54.tgz",
            "integrity": "sha512-+BRgt0G5gYjTvdLac9sIeE0iZcJxi4Jc4PV5EUzqi+88jmQLr+fRZdv2tCTV7IHKSGxM6SaLoOXQWWUiLUItMw==",
            "license": "MIT",
            "dependencies": {
                "undici-types": "~5.26.4"
            }
        },
        "node_modules/@types/node-fetch": {
            "version": "2.6.11",
            "resolved": "https://registry.npmjs.org/@types/node-fetch/-/node-fetch-2.6.11.tgz",
            "integrity": "sha512-24xFj9R5+rfQJLRyM56qh+wnVSYhyXC2tkoBndtY0U+vubqNsYXGjufB2nn8Q6gt0LrARwL6UBtMCSVCwl4B1g==",
            "license": "MIT",
            "dependencies": {
                "@types/node": "*",
                "form-data": "^4.0.0"
            }
        },
        "node_modules/@types/retry": {
            "version": "0.12.0",
            "resolved": "https://registry.npmjs.org/@types/retry/-/retry-0.12.0.tgz",
            "integrity": "sha512-wWKOClTTiizcZhXnPY4wikVAwmdYHp8q6DmC+EJUzAMsycb7HB32Kh9RN4+0gExjmPmZSAQjgURXIGATPegAvA==",
            "license": "MIT"
        },
        "node_modules/@types/uuid": {
            "version": "10.0.0",
            "resolved": "https://registry.npmjs.org/@types/uuid/-/uuid-10.0.0.tgz",
            "integrity": "sha512-7gqG38EyHgyP1S+7+xomFtL+ZNHcKv6DwNaCZmJmo1vgMugyF3TCnXVg4t1uk89mLNwnLtnY3TpOpCOyp1/xHQ==",
            "license": "MIT"
        },
        "node_modules/abort-controller": {
            "version": "3.0.0",
            "resolved": "https://registry.npmjs.org/abort-controller/-/abort-controller-3.0.0.tgz",
            "integrity": "sha512-h8lQ8tacZYnR3vNQTgibj+tODHI5/+l06Au2Pcriv/Gmet0eaj4TwWH41sO9wnHDiQsEj19q0drzdWdeAHtweg==",
            "license": "MIT",
            "dependencies": {
                "event-target-shim": "^5.0.0"
            },
            "engines": {
                "node": ">=6.5"
            }
        },
        "node_modules/agentkeepalive": {
            "version": "4.5.0",
            "resolved": "https://registry.npmjs.org/agentkeepalive/-/agentkeepalive-4.5.0.tgz",
            "integrity": "sha512-5GG/5IbQQpC9FpkRGsSvZI5QYeSCzlJHdpBQntCsuTOxhKD8lqKhrleg2Yi7yvMIf82Ycmmqln9U8V9qwEiJew==",
            "license": "MIT",
            "dependencies": {
                "humanize-ms": "^1.2.1"
            },
            "engines": {
                "node": ">= 8.0.0"
            }
        },
        "node_modules/ansi-styles": {
            "version": "5.2.0",
            "resolved": "https://registry.npmjs.org/ansi-styles/-/ansi-styles-5.2.0.tgz",
            "integrity": "sha512-Cxwpt2SfTzTtXcfOlzGEee8O+c+MmUgGrNiBcXnuWxuFJHe6a5Hz7qwhwe5OgaSYI0IJvkLqWX1ASG+cJOkEiA==",
            "license": "MIT",
            "peer": true,
            "engines": {
                "node": ">=10"
            },
            "funding": {
                "url": "https://github.com/chalk/ansi-styles?sponsor=1"
            }
        },
        "node_modules/argparse": {
            "version": "2.0.1",
            "resolved": "https://registry.npmjs.org/argparse/-/argparse-2.0.1.tgz",
            "integrity": "sha512-8+9WqebbFzpX9OR+Wa6O29asIogeRMzcGtAINdpMHHyAg10f05aSFVBbcEqGf/PXw1EjAZ+q2/bEBg3DvurK3Q==",
            "license": "Python-2.0"
        },
        "node_modules/asynckit": {
            "version": "0.4.0",
            "resolved": "https://registry.npmjs.org/asynckit/-/asynckit-0.4.0.tgz",
            "integrity": "sha512-Oei9OH4tRh0YqU3GxhX79dM/mwVgvbZJaSNaRk+bshkj0S5cfHcgYakreBjrHwatXKbz+IoIdYLxrKim2MjW0Q==",
            "license": "MIT"
        },
        "node_modules/atlassian-jwt": {
            "version": "2.0.3",
            "resolved": "https://registry.npmjs.org/atlassian-jwt/-/atlassian-jwt-2.0.3.tgz",
            "integrity": "sha512-G9oO3HHS1UKgsLRXj6nNKv2TY6g3PleBCdzHwbFeVKg+18GBFIMRz+ApxuOuWAgcL7RngNFF5rGNtw1Ss3hvTg==",
            "license": "MIT",
            "dependencies": {
                "jsuri": "^1.3.1",
                "lodash": "^4.17.21"
            },
            "engines": {
                "node": ">= 0.4.0"
            }
        },
        "node_modules/axios": {
            "version": "1.7.7",
            "resolved": "https://registry.npmjs.org/axios/-/axios-1.7.7.tgz",
            "integrity": "sha512-S4kL7XrjgBmvdGut0sN3yJxqYzrDOnivkBiN0OFs6hLiUam3UPvswUo0kqGyhqUZGEOytHyumEdXsAkgCOUf3Q==",
            "license": "MIT",
            "dependencies": {
                "follow-redirects": "^1.15.6",
                "form-data": "^4.0.0",
                "proxy-from-env": "^1.1.0"
            }
        },
        "node_modules/base64-js": {
            "version": "1.5.1",
            "resolved": "https://registry.npmjs.org/base64-js/-/base64-js-1.5.1.tgz",
            "integrity": "sha512-AKpaYlHn8t4SVbOHCy+b5+KKgvR4vrsD8vbvrbiQJps7fKDTkjkDry6ji0rUJjC0kzbNePLwzxq8iypo41qeWA==",
            "funding": [
                {
                    "type": "github",
                    "url": "https://github.com/sponsors/feross"
                },
                {
                    "type": "patreon",
                    "url": "https://www.patreon.com/feross"
                },
                {
                    "type": "consulting",
                    "url": "https://feross.org/support"
                }
            ],
            "license": "MIT"
        },
        "node_modules/camelcase": {
            "version": "6.3.0",
            "resolved": "https://registry.npmjs.org/camelcase/-/camelcase-6.3.0.tgz",
            "integrity": "sha512-Gmy6FhYlCY7uOElZUSbxo2UCDH8owEk996gkbrpsgGtrJLM3J7jGxl9Ic7Qwwj4ivOE5AWZWRMecDdF7hqGjFA==",
            "license": "MIT",
            "peer": true,
            "engines": {
                "node": ">=10"
            },
            "funding": {
                "url": "https://github.com/sponsors/sindresorhus"
            }
        },
        "node_modules/charenc": {
            "version": "0.0.2",
            "resolved": "https://registry.npmjs.org/charenc/-/charenc-0.0.2.tgz",
            "integrity": "sha512-yrLQ/yVUFXkzg7EDQsPieE/53+0RlaWTs+wBrvW36cyilJ2SaDWfl4Yj7MtLTXleV9uEKefbAGUPv2/iWSooRA==",
            "license": "BSD-3-Clause",
            "engines": {
                "node": "*"
            }
        },
        "node_modules/combined-stream": {
            "version": "1.0.8",
            "resolved": "https://registry.npmjs.org/combined-stream/-/combined-stream-1.0.8.tgz",
            "integrity": "sha512-FQN4MRfuJeHf7cBbBMJFXhKSDq+2kAArBlmRBvcvFE5BB1HZKXtSFASDhdlz9zOYwxh8lDdnvmMOe/+5cdoEdg==",
            "license": "MIT",
            "dependencies": {
                "delayed-stream": "~1.0.0"
            },
            "engines": {
                "node": ">= 0.8"
            }
        },
        "node_modules/commander": {
            "version": "10.0.1",
            "resolved": "https://registry.npmjs.org/commander/-/commander-10.0.1.tgz",
            "integrity": "sha512-y4Mg2tXshplEbSGzx7amzPwKKOCGuoSRP/CjEdwwk0FOGlUbq6lKuoyDZTNZkmxHdJtp54hdfY/JUrdL7Xfdug==",
            "license": "MIT",
            "engines": {
                "node": ">=14"
            }
        },
        "node_modules/confluence.js": {
            "version": "1.7.4",
            "resolved": "https://registry.npmjs.org/confluence.js/-/confluence.js-1.7.4.tgz",
            "integrity": "sha512-MBTpAQ5EHTnVAaMDlTiRMqJau5EMejnoZMrvE/2QsMZo7dFw+OgadLIKr43mYQcN/qZ0Clagw0iHb4A3FaC5OQ==",
            "license": "MIT",
            "dependencies": {
                "atlassian-jwt": "^2.0.3",
                "axios": "^1.6.8",
                "form-data": "^4.0.0",
                "oauth": "^0.10.0",
                "tslib": "^2.6.2"
            }
        },
        "node_modules/crypt": {
            "version": "0.0.2",
            "resolved": "https://registry.npmjs.org/crypt/-/crypt-0.0.2.tgz",
            "integrity": "sha512-mCxBlsHFYh9C+HVpiEacem8FEBnMXgU9gy4zmNC+SXAZNB/1idgp/aulFJ4FgCi7GPEVbfyng092GqL2k2rmow==",
            "license": "BSD-3-Clause",
            "engines": {
                "node": "*"
            }
        },
        "node_modules/debug": {
            "version": "4.3.7",
            "resolved": "https://registry.npmjs.org/debug/-/debug-4.3.7.tgz",
            "integrity": "sha512-Er2nc/H7RrMXZBFCEim6TCmMk02Z8vLC2Rbi1KEBggpo0fS6l0S1nnapwmIi3yW/+GOJap1Krg4w0Hg80oCqgQ==",
            "license": "MIT",
            "dependencies": {
                "ms": "^2.1.3"
            },
            "engines": {
                "node": ">=6.0"
            },
            "peerDependenciesMeta": {
                "supports-color": {
                    "optional": true
                }
            }
        },
        "node_modules/decamelize": {
            "version": "1.2.0",
            "resolved": "https://registry.npmjs.org/decamelize/-/decamelize-1.2.0.tgz",
            "integrity": "sha512-z2S+W9X73hAUUki+N+9Za2lBlun89zigOyGrsax+KUQ6wKW4ZoWpEYBkGhQjwAjjDCkWxhY0VKEhk8wzY7F5cA==",
            "license": "MIT",
            "peer": true,
            "engines": {
                "node": ">=0.10.0"
            }
        },
        "node_modules/deepmerge": {
            "version": "4.3.1",
            "resolved": "https://registry.npmjs.org/deepmerge/-/deepmerge-4.3.1.tgz",
            "integrity": "sha512-3sUqbMEc77XqpdNO7FRyRog+eW3ph+GYCbj+rK+uYyRMuwsVy0rMiVtPn+QJlKFvWP/1PYpapqYn0Me2knFn+A==",
            "license": "MIT",
            "engines": {
                "node": ">=0.10.0"
            }
        },
        "node_modules/delayed-stream": {
            "version": "1.0.0",
            "resolved": "https://registry.npmjs.org/delayed-stream/-/delayed-stream-1.0.0.tgz",
            "integrity": "sha512-ZySD7Nf91aLB0RxL4KGrKHBXl7Eds1DAmEdcoVawXnLD7SDhpNgtuII2aAkg7a7QS41jxPSZ17p4VdGnMHk3MQ==",
            "license": "MIT",
            "engines": {
                "node": ">=0.4.0"
            }
        },
        "node_modules/dom-serializer": {
            "version": "2.0.0",
            "resolved": "https://registry.npmjs.org/dom-serializer/-/dom-serializer-2.0.0.tgz",
            "integrity": "sha512-wIkAryiqt/nV5EQKqQpo3SToSOV9J0DnbJqwK7Wv/Trc92zIAYZ4FlMu+JPFW1DfGFt81ZTCGgDEabffXeLyJg==",
            "license": "MIT",
            "dependencies": {
                "domelementtype": "^2.3.0",
                "domhandler": "^5.0.2",
                "entities": "^4.2.0"
            },
            "funding": {
                "url": "https://github.com/cheeriojs/dom-serializer?sponsor=1"
            }
        },
        "node_modules/domelementtype": {
            "version": "2.3.0",
            "resolved": "https://registry.npmjs.org/domelementtype/-/domelementtype-2.3.0.tgz",
            "integrity": "sha512-OLETBj6w0OsagBwdXnPdN0cnMfF9opN69co+7ZrbfPGrdpPVNBUj02spi6B1N7wChLQiPn4CSH/zJvXw56gmHw==",
            "funding": [
                {
                    "type": "github",
                    "url": "https://github.com/sponsors/fb55"
                }
            ],
            "license": "BSD-2-Clause"
        },
        "node_modules/domhandler": {
            "version": "5.0.3",
            "resolved": "https://registry.npmjs.org/domhandler/-/domhandler-5.0.3.tgz",
            "integrity": "sha512-cgwlv/1iFQiFnU96XXgROh8xTeetsnJiDsTc7TYCLFd9+/WNkIqPTxiM/8pSd8VIrhXGTf1Ny1q1hquVqDJB5w==",
            "license": "BSD-2-Clause",
            "dependencies": {
                "domelementtype": "^2.3.0"
            },
            "engines": {
                "node": ">= 4"
            },
            "funding": {
                "url": "https://github.com/fb55/domhandler?sponsor=1"
            }
        },
        "node_modules/domutils": {
            "version": "3.1.0",
            "resolved": "https://registry.npmjs.org/domutils/-/domutils-3.1.0.tgz",
            "integrity": "sha512-H78uMmQtI2AhgDJjWeQmHwJJ2bLPD3GMmO7Zja/ZZh84wkm+4ut+IUnUdRa8uCGX88DiVx1j6FRe1XfxEgjEZA==",
            "license": "BSD-2-Clause",
            "dependencies": {
                "dom-serializer": "^2.0.0",
                "domelementtype": "^2.3.0",
                "domhandler": "^5.0.3"
            },
            "funding": {
                "url": "https://github.com/fb55/domutils?sponsor=1"
            }
        },
        "node_modules/dotenv": {
            "version": "16.4.5",
            "resolved": "https://registry.npmjs.org/dotenv/-/dotenv-16.4.5.tgz",
            "integrity": "sha512-ZmdL2rui+eB2YwhsWzjInR8LldtZHGDoQ1ugH85ppHKwpUHL7j7rN0Ti9NCnGiQbhaZ11FpR+7ao1dNsmduNUg==",
            "license": "BSD-2-Clause",
            "engines": {
                "node": ">=12"
            },
            "funding": {
                "url": "https://dotenvx.com"
            }
        },
        "node_modules/entities": {
            "version": "4.5.0",
            "resolved": "https://registry.npmjs.org/entities/-/entities-4.5.0.tgz",
            "integrity": "sha512-V0hjH4dGPh9Ao5p0MoRY6BVqtwCjhz6vI5LT8AJ55H+4g9/4vbHx1I54fS0XuclLhDHArPQCiMjDxjaL8fPxhw==",
            "license": "BSD-2-Clause",
            "engines": {
                "node": ">=0.12"
            },
            "funding": {
                "url": "https://github.com/fb55/entities?sponsor=1"
            }
        },
        "node_modules/event-target-shim": {
            "version": "5.0.1",
            "resolved": "https://registry.npmjs.org/event-target-shim/-/event-target-shim-5.0.1.tgz",
            "integrity": "sha512-i/2XbnSz/uxRCU6+NdVJgKWDTM427+MqYbkQzD321DuCQJUqOuJKIA0IM2+W2xtYHdKOmZ4dR6fExsd4SXL+WQ==",
            "license": "MIT",
            "engines": {
                "node": ">=6"
            }
        },
        "node_modules/eventemitter3": {
            "version": "4.0.7",
            "resolved": "https://registry.npmjs.org/eventemitter3/-/eventemitter3-4.0.7.tgz",
            "integrity": "sha512-8guHBZCwKnFhYdHr2ysuRWErTwhoN2X8XELRlrRwpmfeY2jjuUN4taQMsULKUVo1K4DvZl+0pgfyoysHxvmvEw==",
            "license": "MIT"
        },
        "node_modules/follow-redirects": {
            "version": "1.15.9",
            "resolved": "https://registry.npmjs.org/follow-redirects/-/follow-redirects-1.15.9.tgz",
            "integrity": "sha512-gew4GsXizNgdoRyqmyfMHyAmXsZDk6mHkSxZFCzW9gwlbtOW44CDtYavM+y+72qD/Vq2l550kMF52DT8fOLJqQ==",
            "funding": [
                {
                    "type": "individual",
                    "url": "https://github.com/sponsors/RubenVerborgh"
                }
            ],
            "license": "MIT",
            "engines": {
                "node": ">=4.0"
            },
            "peerDependenciesMeta": {
                "debug": {
                    "optional": true
                }
            }
        },
        "node_modules/form-data": {
            "version": "4.0.0",
            "resolved": "https://registry.npmjs.org/form-data/-/form-data-4.0.0.tgz",
            "integrity": "sha512-ETEklSGi5t0QMZuiXoA/Q6vcnxcLQP5vdugSpuAyi6SVGi2clPPp+xgEhuMaHC+zGgn31Kd235W35f7Hykkaww==",
            "license": "MIT",
            "dependencies": {
                "asynckit": "^0.4.0",
                "combined-stream": "^1.0.8",
                "mime-types": "^2.1.12"
            },
            "engines": {
                "node": ">= 6"
            }
        },
        "node_modules/form-data-encoder": {
            "version": "1.7.2",
            "resolved": "https://registry.npmjs.org/form-data-encoder/-/form-data-encoder-1.7.2.tgz",
            "integrity": "sha512-qfqtYan3rxrnCk1VYaA4H+Ms9xdpPqvLZa6xmMgFvhO32x7/3J/ExcTd6qpxM0vH2GdMI+poehyBZvqfMTto8A==",
            "license": "MIT"
        },
        "node_modules/formdata-node": {
            "version": "4.4.1",
            "resolved": "https://registry.npmjs.org/formdata-node/-/formdata-node-4.4.1.tgz",
            "integrity": "sha512-0iirZp3uVDjVGt9p49aTaqjk84TrglENEDuqfdlZQ1roC9CWlPk6Avf8EEnZNcAqPonwkG35x4n3ww/1THYAeQ==",
            "license": "MIT",
            "dependencies": {
                "node-domexception": "1.0.0",
                "web-streams-polyfill": "4.0.0-beta.3"
            },
            "engines": {
                "node": ">= 12.20"
            }
        },
        "node_modules/html-to-text": {
            "version": "9.0.5",
            "resolved": "https://registry.npmjs.org/html-to-text/-/html-to-text-9.0.5.tgz",
            "integrity": "sha512-qY60FjREgVZL03vJU6IfMV4GDjGBIoOyvuFdpBDIX9yTlDw0TjxVBQp+P8NvpdIXNJvfWBTNul7fsAQJq2FNpg==",
            "license": "MIT",
            "dependencies": {
                "@selderee/plugin-htmlparser2": "^0.11.0",
                "deepmerge": "^4.3.1",
                "dom-serializer": "^2.0.0",
                "htmlparser2": "^8.0.2",
                "selderee": "^0.11.0"
            },
            "engines": {
                "node": ">=14"
            }
        },
        "node_modules/htmlparser2": {
            "version": "8.0.2",
            "resolved": "https://registry.npmjs.org/htmlparser2/-/htmlparser2-8.0.2.tgz",
            "integrity": "sha512-GYdjWKDkbRLkZ5geuHs5NY1puJ+PXwP7+fHPRz06Eirsb9ugf6d8kkXav6ADhcODhFFPMIXyxkxSuMf3D6NCFA==",
            "funding": [
                "https://github.com/fb55/htmlparser2?sponsor=1",
                {
                    "type": "github",
                    "url": "https://github.com/sponsors/fb55"
                }
            ],
            "license": "MIT",
            "dependencies": {
                "domelementtype": "^2.3.0",
                "domhandler": "^5.0.3",
                "domutils": "^3.0.1",
                "entities": "^4.4.0"
            }
        },
        "node_modules/humanize-ms": {
            "version": "1.2.1",
            "resolved": "https://registry.npmjs.org/humanize-ms/-/humanize-ms-1.2.1.tgz",
            "integrity": "sha512-Fl70vYtsAFb/C06PTS9dZBo7ihau+Tu/DNCk/OyHhea07S+aeMWpFFkUaXRa8fI+ScZbEI8dfSxwY7gxZ9SAVQ==",
            "license": "MIT",
            "dependencies": {
                "ms": "^2.0.0"
            }
        },
        "node_modules/is-buffer": {
            "version": "1.1.6",
            "resolved": "https://registry.npmjs.org/is-buffer/-/is-buffer-1.1.6.tgz",
            "integrity": "sha512-NcdALwpXkTm5Zvvbk7owOUSvVvBKDgKP5/ewfXEznmQFfs4ZRmanOeKBTjRVjka3QFoN6XJ+9F3USqfHqTaU5w==",
            "license": "MIT"
        },
        "node_modules/js-tiktoken": {
            "version": "1.0.15",
            "resolved": "https://registry.npmjs.org/js-tiktoken/-/js-tiktoken-1.0.15.tgz",
            "integrity": "sha512-65ruOWWXDEZHHbAo7EjOcNxOGasQKbL4Fq3jEr2xsCqSsoOo6VVSqzWQb6PRIqypFSDcma4jO90YP0w5X8qVXQ==",
            "license": "MIT",
            "dependencies": {
                "base64-js": "^1.5.1"
            }
        },
        "node_modules/js-yaml": {
            "version": "4.1.0",
            "resolved": "https://registry.npmjs.org/js-yaml/-/js-yaml-4.1.0.tgz",
            "integrity": "sha512-wpxZs9NoxZaJESJGIZTyDEaYpl0FKSA+FB9aJiyemKhMwkxQg63h4T1KJgUGHpTqPDNRcmmYLugrRjJlBtWvRA==",
            "license": "MIT",
            "dependencies": {
                "argparse": "^2.0.1"
            },
            "bin": {
                "js-yaml": "bin/js-yaml.js"
            }
        },
        "node_modules/jsonpointer": {
            "version": "5.0.1",
            "resolved": "https://registry.npmjs.org/jsonpointer/-/jsonpointer-5.0.1.tgz",
            "integrity": "sha512-p/nXbhSEcu3pZRdkW1OfJhpsVtW1gd4Wa1fnQc9YLiTfAjn0312eMKimbdIQzuZl9aa9xUGaRlP9T/CJE/ditQ==",
            "license": "MIT",
            "engines": {
                "node": ">=0.10.0"
            }
        },
        "node_modules/jsuri": {
            "version": "1.3.1",
            "resolved": "https://registry.npmjs.org/jsuri/-/jsuri-1.3.1.tgz",
            "integrity": "sha512-LLdAeqOf88/X0hylAI7oSir6QUsz/8kOW0FcJzzu/SJRfORA/oPHycAOthkNp7eLPlTAbqVDFbqNRHkRVzEA3g==",
            "engines": {
                "node": "*"
            }
        },
        "node_modules/langchain": {
            "version": "0.3.2",
            "resolved": "https://registry.npmjs.org/langchain/-/langchain-0.3.2.tgz",
            "integrity": "sha512-kd2kz1cS/PIVrLEDFlrZsAasQfPLbY1UqCZbRKa3/QcpB33/n6xPDvXSMfBuKhvNj0bjW6MXDR9HZTduXjJBgg==",
            "license": "MIT",
            "dependencies": {
                "@langchain/openai": ">=0.1.0 <0.4.0",
                "@langchain/textsplitters": ">=0.0.0 <0.2.0",
                "js-tiktoken": "^1.0.12",
                "js-yaml": "^4.1.0",
                "jsonpointer": "^5.0.1",
                "langsmith": "^0.1.56-rc.1",
                "openapi-types": "^12.1.3",
                "p-retry": "4",
                "uuid": "^10.0.0",
                "yaml": "^2.2.1",
                "zod": "^3.22.4",
                "zod-to-json-schema": "^3.22.3"
            },
            "engines": {
                "node": ">=18"
            },
            "peerDependencies": {
                "@langchain/anthropic": "*",
                "@langchain/aws": "*",
                "@langchain/cohere": "*",
                "@langchain/core": ">=0.2.21 <0.4.0",
                "@langchain/google-genai": "*",
                "@langchain/google-vertexai": "*",
                "@langchain/groq": "*",
                "@langchain/mistralai": "*",
                "@langchain/ollama": "*",
                "axios": "*",
                "cheerio": "*",
                "handlebars": "^4.7.8",
                "peggy": "^3.0.2",
                "typeorm": "*"
            },
            "peerDependenciesMeta": {
                "@langchain/anthropic": {
                    "optional": true
                },
                "@langchain/aws": {
                    "optional": true
                },
                "@langchain/cohere": {
                    "optional": true
                },
                "@langchain/google-genai": {
                    "optional": true
                },
                "@langchain/google-vertexai": {
                    "optional": true
                },
                "@langchain/groq": {
                    "optional": true
                },
                "@langchain/mistralai": {
                    "optional": true
                },
                "@langchain/ollama": {
                    "optional": true
                },
                "axios": {
                    "optional": true
                },
                "cheerio": {
                    "optional": true
                },
                "handlebars": {
                    "optional": true
                },
                "peggy": {
                    "optional": true
                },
                "typeorm": {
                    "optional": true
                }
            }
        },
        "node_modules/langsmith": {
            "version": "0.1.61",
            "resolved": "https://registry.npmjs.org/langsmith/-/langsmith-0.1.61.tgz",
            "integrity": "sha512-XQE4KPScwPmdaT0mWDzhNxj9gvqXUR+C7urLA0QFi27XeoQdm17eYpudenn4wxC0gIyUJutQCyuYJpfwlT5JnQ==",
            "license": "MIT",
            "dependencies": {
                "@types/uuid": "^10.0.0",
                "commander": "^10.0.1",
                "p-queue": "^6.6.2",
                "p-retry": "4",
                "semver": "^7.6.3",
                "uuid": "^10.0.0"
            },
            "peerDependencies": {
                "openai": "*"
            },
            "peerDependenciesMeta": {
                "openai": {
                    "optional": true
                }
            }
        },
        "node_modules/leac": {
            "version": "0.6.0",
            "resolved": "https://registry.npmjs.org/leac/-/leac-0.6.0.tgz",
            "integrity": "sha512-y+SqErxb8h7nE/fiEX07jsbuhrpO9lL8eca7/Y1nuWV2moNlXhyd59iDGcRf6moVyDMbmTNzL40SUyrFU/yDpg==",
            "license": "MIT",
            "funding": {
                "url": "https://ko-fi.com/killymxi"
            }
        },
        "node_modules/lodash": {
            "version": "4.17.21",
            "resolved": "https://registry.npmjs.org/lodash/-/lodash-4.17.21.tgz",
            "integrity": "sha512-v2kDEe57lecTulaDIuNTPy3Ry4gLGJ6Z1O3vE1krgXZNrsQ+LFTGHVxVjcXPs17LhbZVGedAJv8XZ1tvj5FvSg==",
            "license": "MIT"
        },
        "node_modules/md5": {
            "version": "2.3.0",
            "resolved": "https://registry.npmjs.org/md5/-/md5-2.3.0.tgz",
            "integrity": "sha512-T1GITYmFaKuO91vxyoQMFETst+O71VUPEU3ze5GNzDm0OWdP8v1ziTaAEPUr/3kLsY3Sftgz242A1SetQiDL7g==",
            "license": "BSD-3-Clause",
            "dependencies": {
                "charenc": "0.0.2",
                "crypt": "0.0.2",
                "is-buffer": "~1.1.6"
            }
        },
        "node_modules/mime-db": {
            "version": "1.52.0",
            "resolved": "https://registry.npmjs.org/mime-db/-/mime-db-1.52.0.tgz",
            "integrity": "sha512-sPU4uV7dYlvtWJxwwxHD0PuihVNiE7TyAbQ5SWxDCB9mUYvOgroQOwYQQOKPJ8CIbE+1ETVlOoK1UC2nU3gYvg==",
            "license": "MIT",
            "engines": {
                "node": ">= 0.6"
            }
        },
        "node_modules/mime-types": {
            "version": "2.1.35",
            "resolved": "https://registry.npmjs.org/mime-types/-/mime-types-2.1.35.tgz",
            "integrity": "sha512-ZDY+bPm5zTTF+YpCrAU9nK0UgICYPT0QtT1NZWFv4s++TNkcgVaT0g6+4R2uI4MjQjzysHB1zxuWL50hzaeXiw==",
            "license": "MIT",
            "dependencies": {
                "mime-db": "1.52.0"
            },
            "engines": {
                "node": ">= 0.6"
            }
        },
        "node_modules/ms": {
            "version": "2.1.3",
            "resolved": "https://registry.npmjs.org/ms/-/ms-2.1.3.tgz",
            "integrity": "sha512-6FlzubTLZG3J2a/NVCAleEhjzq5oxgHyaCU9yYXvcLsvoVaHJq/s5xXI6/XXP6tz7R9xAOtHnSO/tXtF3WRTlA==",
            "license": "MIT"
        },
        "node_modules/mustache": {
            "version": "4.2.0",
            "resolved": "https://registry.npmjs.org/mustache/-/mustache-4.2.0.tgz",
            "integrity": "sha512-71ippSywq5Yb7/tVYyGbkBggbU8H3u5Rz56fH60jGFgr8uHwxs+aSKeqmluIVzM0m0kB7xQjKS6qPfd0b2ZoqQ==",
            "license": "MIT",
            "peer": true,
            "bin": {
                "mustache": "bin/mustache"
            }
        },
        "node_modules/node-domexception": {
            "version": "1.0.0",
            "resolved": "https://registry.npmjs.org/node-domexception/-/node-domexception-1.0.0.tgz",
            "integrity": "sha512-/jKZoMpw0F8GRwl4/eLROPA3cfcXtLApP0QzLmUT/HuPCZWyB7IY9ZrMeKw2O/nFIqPQB3PVM9aYm0F312AXDQ==",
            "funding": [
                {
                    "type": "github",
                    "url": "https://github.com/sponsors/jimmywarting"
                },
                {
                    "type": "github",
                    "url": "https://paypal.me/jimmywarting"
                }
            ],
            "license": "MIT",
            "engines": {
                "node": ">=10.5.0"
            }
        },
        "node_modules/node-fetch": {
            "version": "2.7.0",
            "resolved": "https://registry.npmjs.org/node-fetch/-/node-fetch-2.7.0.tgz",
            "integrity": "sha512-c4FRfUm/dbcWZ7U+1Wq0AwCyFL+3nt2bEw05wfxSz+DWpWsitgmSgYmy2dQdWyKC1694ELPqMs/YzUSNozLt8A==",
            "license": "MIT",
            "dependencies": {
                "whatwg-url": "^5.0.0"
            },
            "engines": {
                "node": "4.x || >=6.0.0"
            },
            "peerDependencies": {
                "encoding": "^0.1.0"
            },
            "peerDependenciesMeta": {
                "encoding": {
                    "optional": true
                }
            }
        },
        "node_modules/oauth": {
            "version": "0.10.0",
            "resolved": "https://registry.npmjs.org/oauth/-/oauth-0.10.0.tgz",
            "integrity": "sha512-1orQ9MT1vHFGQxhuy7E/0gECD3fd2fCC+PIX+/jgmU/gI3EpRocXtmtvxCO5x3WZ443FLTLFWNDjl5MPJf9u+Q==",
            "license": "MIT"
        },
        "node_modules/openai": {
            "version": "4.67.1",
            "resolved": "https://registry.npmjs.org/openai/-/openai-4.67.1.tgz",
            "integrity": "sha512-2YbRFy6qaYRJabK2zLMn4txrB2xBy0KP5g/eoqeSPTT31mIJMnkT75toagvfE555IKa2RdrzJrZwdDsUipsAMw==",
            "license": "Apache-2.0",
            "dependencies": {
                "@types/node": "^18.11.18",
                "@types/node-fetch": "^2.6.4",
                "abort-controller": "^3.0.0",
                "agentkeepalive": "^4.2.1",
                "form-data-encoder": "1.7.2",
                "formdata-node": "^4.3.2",
                "node-fetch": "^2.6.7"
            },
            "bin": {
                "openai": "bin/cli"
            },
            "peerDependencies": {
                "zod": "^3.23.8"
            },
            "peerDependenciesMeta": {
                "zod": {
                    "optional": true
                }
            }
        },
        "node_modules/openapi-types": {
            "version": "12.1.3",
            "resolved": "https://registry.npmjs.org/openapi-types/-/openapi-types-12.1.3.tgz",
            "integrity": "sha512-N4YtSYJqghVu4iek2ZUvcN/0aqH1kRDuNqzcycDxhOUpg7GdvLa2F3DgS6yBNhInhv2r/6I0Flkn7CqL8+nIcw==",
            "license": "MIT"
        },
        "node_modules/p-finally": {
            "version": "1.0.0",
            "resolved": "https://registry.npmjs.org/p-finally/-/p-finally-1.0.0.tgz",
            "integrity": "sha512-LICb2p9CB7FS+0eR1oqWnHhp0FljGLZCWBE9aix0Uye9W8LTQPwMTYVGWQWIw9RdQiDg4+epXQODwIYJtSJaow==",
            "license": "MIT",
            "engines": {
                "node": ">=4"
            }
        },
        "node_modules/p-queue": {
            "version": "6.6.2",
            "resolved": "https://registry.npmjs.org/p-queue/-/p-queue-6.6.2.tgz",
            "integrity": "sha512-RwFpb72c/BhQLEXIZ5K2e+AhgNVmIejGlTgiB9MzZ0e93GRvqZ7uSi0dvRF7/XIXDeNkra2fNHBxTyPDGySpjQ==",
            "license": "MIT",
            "dependencies": {
                "eventemitter3": "^4.0.4",
                "p-timeout": "^3.2.0"
            },
            "engines": {
                "node": ">=8"
            },
            "funding": {
                "url": "https://github.com/sponsors/sindresorhus"
            }
        },
        "node_modules/p-retry": {
            "version": "4.6.2",
            "resolved": "https://registry.npmjs.org/p-retry/-/p-retry-4.6.2.tgz",
            "integrity": "sha512-312Id396EbJdvRONlngUx0NydfrIQ5lsYu0znKVUzVvArzEIt08V1qhtyESbGVd1FGX7UKtiFp5uwKZdM8wIuQ==",
            "license": "MIT",
            "dependencies": {
                "@types/retry": "0.12.0",
                "retry": "^0.13.1"
            },
            "engines": {
                "node": ">=8"
            }
        },
        "node_modules/p-timeout": {
            "version": "3.2.0",
            "resolved": "https://registry.npmjs.org/p-timeout/-/p-timeout-3.2.0.tgz",
            "integrity": "sha512-rhIwUycgwwKcP9yTOOFK/AKsAopjjCakVqLHePO3CC6Mir1Z99xT+R63jZxAT5lFZLa2inS5h+ZS2GvR99/FBg==",
            "license": "MIT",
            "dependencies": {
                "p-finally": "^1.0.0"
            },
            "engines": {
                "node": ">=8"
            }
        },
        "node_modules/parseley": {
            "version": "0.12.1",
            "resolved": "https://registry.npmjs.org/parseley/-/parseley-0.12.1.tgz",
            "integrity": "sha512-e6qHKe3a9HWr0oMRVDTRhKce+bRO8VGQR3NyVwcjwrbhMmFCX9KszEV35+rn4AdilFAq9VPxP/Fe1wC9Qjd2lw==",
            "license": "MIT",
            "dependencies": {
                "leac": "^0.6.0",
                "peberminta": "^0.9.0"
            },
            "funding": {
                "url": "https://ko-fi.com/killymxi"
            }
        },
        "node_modules/peberminta": {
            "version": "0.9.0",
            "resolved": "https://registry.npmjs.org/peberminta/-/peberminta-0.9.0.tgz",
            "integrity": "sha512-XIxfHpEuSJbITd1H3EeQwpcZbTLHc+VVr8ANI9t5sit565tsI4/xK3KWTUFE2e6QiangUkh3B0jihzmGnNrRsQ==",
            "license": "MIT",
            "funding": {
                "url": "https://ko-fi.com/killymxi"
            }
        },
        "node_modules/proxy-from-env": {
            "version": "1.1.0",
            "resolved": "https://registry.npmjs.org/proxy-from-env/-/proxy-from-env-1.1.0.tgz",
            "integrity": "sha512-D+zkORCbA9f1tdWRK0RaCR3GPv50cMxcrz4X8k5LTSUD1Dkw47mKJEZQNunItRTkWwgtaUSo1RVFRIG9ZXiFYg==",
            "license": "MIT"
        },
        "node_modules/retry": {
            "version": "0.13.1",
            "resolved": "https://registry.npmjs.org/retry/-/retry-0.13.1.tgz",
            "integrity": "sha512-XQBQ3I8W1Cge0Seh+6gjj03LbmRFWuoszgK9ooCpwYIrhhoO80pfq4cUkU5DkknwfOfFteRwlZ56PYOGYyFWdg==",
            "license": "MIT",
            "engines": {
                "node": ">= 4"
            }
        },
        "node_modules/selderee": {
            "version": "0.11.0",
            "resolved": "https://registry.npmjs.org/selderee/-/selderee-0.11.0.tgz",
            "integrity": "sha512-5TF+l7p4+OsnP8BCCvSyZiSPc4x4//p5uPwK8TCnVPJYRmU2aYKMpOXvw8zM5a5JvuuCGN1jmsMwuU2W02ukfA==",
            "license": "MIT",
            "dependencies": {
                "parseley": "^0.12.0"
            },
            "funding": {
                "url": "https://ko-fi.com/killymxi"
            }
        },
        "node_modules/semver": {
            "version": "7.6.3",
            "resolved": "https://registry.npmjs.org/semver/-/semver-7.6.3.tgz",
            "integrity": "sha512-oVekP1cKtI+CTDvHWYFUcMtsK/00wmAEfyqKfNdARm8u1wNVhSgaX7A8d4UuIlUI5e84iEwOhs7ZPYRmzU9U6A==",
            "license": "ISC",
            "bin": {
                "semver": "bin/semver.js"
            },
            "engines": {
                "node": ">=10"
            }
        },
        "node_modules/tr46": {
            "version": "0.0.3",
            "resolved": "https://registry.npmjs.org/tr46/-/tr46-0.0.3.tgz",
            "integrity": "sha512-N3WMsuqV66lT30CrXNbEjx4GEwlow3v6rr4mCcv6prnfwhS01rkgyFdjPNBYd9br7LpXV1+Emh01fHnq2Gdgrw==",
            "license": "MIT"
        },
        "node_modules/tslib": {
            "version": "2.7.0",
            "resolved": "https://registry.npmjs.org/tslib/-/tslib-2.7.0.tgz",
            "integrity": "sha512-gLXCKdN1/j47AiHiOkJN69hJmcbGTHI0ImLmbYLHykhgeN0jVGola9yVjFgzCUklsZQMW55o+dW7IXv3RCXDzA==",
            "license": "0BSD"
        },
        "node_modules/undici-types": {
            "version": "5.26.5",
            "resolved": "https://registry.npmjs.org/undici-types/-/undici-types-5.26.5.tgz",
            "integrity": "sha512-JlCMO+ehdEIKqlFxk6IfVoAUVmgz7cU7zD/h9XZ0qzeosSHmUJVOzSQvvYSYWXkFXC+IfLKSIffhv0sVZup6pA==",
            "license": "MIT"
        },
        "node_modules/uuid": {
            "version": "10.0.0",
            "resolved": "https://registry.npmjs.org/uuid/-/uuid-10.0.0.tgz",
            "integrity": "sha512-8XkAphELsDnEGrDxUOHB3RGvXz6TeuYSGEZBOjtTtPm2lwhGBjLgOzLHB63IUWfBpNucQjND6d3AOudO+H3RWQ==",
            "funding": [
                "https://github.com/sponsors/broofa",
                "https://github.com/sponsors/ctavan"
            ],
            "license": "MIT",
            "bin": {
                "uuid": "dist/bin/uuid"
            }
        },
        "node_modules/web-streams-polyfill": {
            "version": "4.0.0-beta.3",
            "resolved": "https://registry.npmjs.org/web-streams-polyfill/-/web-streams-polyfill-4.0.0-beta.3.tgz",
            "integrity": "sha512-QW95TCTaHmsYfHDybGMwO5IJIM93I/6vTRk+daHTWFPhwh+C8Cg7j7XyKrwrj8Ib6vYXe0ocYNrmzY4xAAN6ug==",
            "license": "MIT",
            "engines": {
                "node": ">= 14"
            }
        },
        "node_modules/webidl-conversions": {
            "version": "3.0.1",
            "resolved": "https://registry.npmjs.org/webidl-conversions/-/webidl-conversions-3.0.1.tgz",
            "integrity": "sha512-2JAn3z8AR6rjK8Sm8orRC0h/bcl/DqL7tRPdGZ4I1CjdF+EaMLmYxBHyXuKL849eucPFhvBoxMsflfOb8kxaeQ==",
            "license": "BSD-2-Clause"
        },
        "node_modules/whatwg-url": {
            "version": "5.0.0",
            "resolved": "https://registry.npmjs.org/whatwg-url/-/whatwg-url-5.0.0.tgz",
            "integrity": "sha512-saE57nupxk6v3HY35+jzBwYa0rKSy0XR8JSxZPwgLr7ys0IBzhGviA1/TUGJLmSVqs8pb9AnvICXEuOHLprYTw==",
            "license": "MIT",
            "dependencies": {
                "tr46": "~0.0.3",
                "webidl-conversions": "^3.0.0"
            }
        },
        "node_modules/yaml": {
            "version": "2.5.1",
            "resolved": "https://registry.npmjs.org/yaml/-/yaml-2.5.1.tgz",
            "integrity": "sha512-bLQOjaX/ADgQ20isPJRvF0iRUHIxVhYvr53Of7wGcWlO2jvtUlH5m87DsmulFVxRpNLOnI4tB6p/oh8D7kpn9Q==",
            "license": "ISC",
            "bin": {
                "yaml": "bin.mjs"
            },
            "engines": {
                "node": ">= 14"
            }
        },
        "node_modules/zod": {
            "version": "3.23.8",
            "resolved": "https://registry.npmjs.org/zod/-/zod-3.23.8.tgz",
            "integrity": "sha512-XBx9AXhXktjUqnepgTiE5flcKIYWi/rme0Eaj+5Y0lftuGBq+jyRu/md4WnuxqgP1ubdpNCsYEYPxrzVHD8d6g==",
            "license": "MIT",
            "funding": {
                "url": "https://github.com/sponsors/colinhacks"
            }
        },
        "node_modules/zod-to-json-schema": {
            "version": "3.23.3",
            "resolved": "https://registry.npmjs.org/zod-to-json-schema/-/zod-to-json-schema-3.23.3.tgz",
            "integrity": "sha512-TYWChTxKQbRJp5ST22o/Irt9KC5nj7CdBKYB/AosCRdj/wxEMvv4NNaj9XVUHDOIp53ZxArGhnw5HMZziPFjog==",
            "license": "ISC",
            "peerDependencies": {
                "zod": "^3.23.3"
            }
        }
    }
}
